{
  "version": 1,
  "dependencies": {
    ".NETCoreApp,Version=v3.1": {
      "Microsoft.NETFramework.ReferenceAssemblies": {
        "type": "Direct",
        "requested": "[1.0.0, )",
        "resolved": "1.0.0",
        "contentHash": "7D2TMufjGiowmt0E941kVoTIS+GTNzaPopuzM1/1LSaJAdJdBrVP0SkZW7AgDd0a2U1DjsIeaKG1wxGVBNLDMw=="
      }
    },
    ".NETCoreApp,Version=v3.1/win7-x86": {},
    ".NETFramework,Version=v4.6.2": {
      "Microsoft.NETFramework.ReferenceAssemblies": {
        "type": "Direct",
        "requested": "[1.0.0, )",
        "resolved": "1.0.0",
        "contentHash": "7D2TMufjGiowmt0E941kVoTIS+GTNzaPopuzM1/1LSaJAdJdBrVP0SkZW7AgDd0a2U1DjsIeaKG1wxGVBNLDMw==",
        "dependencies": {
          "Microsoft.NETFramework.ReferenceAssemblies.net462": "1.0.0"
        }
      },
      "Microsoft.NETFramework.ReferenceAssemblies.net462": {
        "type": "Transitive",
        "resolved": "1.0.0",
        "contentHash": "ONGjkFWduK13lfxUtlEl4+nYwrqDe5NF5f8qRtp5fqWiWYlqft/Ko9ht3e6Secg9y3I1yL8Xnfag/JGOOn0yoQ=="
      }
    },
    ".NETFramework,Version=v4.6.2/win7-x86": {}
  }
}